
Microsoft Visual Studio Solution File, Format Version 12.00
# Visual Studio Version 17
VisualStudioVersion = 17.9.34607.119
MinimumVisualStudioVersion = 10.0.40219.1
Project("{9A19103F-16F7-4668-BE54-9A1E7A4F7556}") = "KiloMart.Domain", "KiloMart.Domain\KiloMart.Domain.csproj", "{5765E7AC-7A6B-42C5-8AC8-7AEF8B4B621F}"
EndProject
Project("{9A19103F-16F7-4668-BE54-9A1E7A4F7556}") = "KiloMart.Presentation", "KiloMart.Presentation\KiloMart.Presentation.csproj", "{B34E2B1A-9E35-4739-B133-A7456F32B81E}"
EndProject
Project("{9A19103F-16F7-4668-BE54-9A1E7A4F7556}") = "KiloMart.Core", "KiloMart.Core\KiloMart.Core.csproj", "{4DD066E5-6A1D-4F94-A97A-8CAF50BB777B}"
EndProject
Project("{9A19103F-16F7-4668-BE54-9A1E7A4F7556}") = "KiloMart.DataAccess", "KiloMart.DataAccess\KiloMart.DataAccess.csproj", "{E9E55043-F510-41A2-A7E9-072EF4E9B4CB}"
EndProject
Project("{9A19103F-16F7-4668-BE54-9A1E7A4F7556}") = "KiloMart.Commands", "KiloMart.Commands\KiloMart.Commands.csproj", "{9DA45885-EAC5-4596-962A-CE6825FA3C3D}"
EndProject
Project("{2150E333-8FDC-42A3-9474-1A3956D46DE8}") = "DataAccess", "DataAccess", "{1260BF8D-BDD4-43D2-9339-1DCFB4BCAEB0}"
EndProject
Project("{2150E333-8FDC-42A3-9474-1A3956D46DE8}") = "Commands", "Commands", "{1D752D36-59CB-4698-B9EB-6EFEB87F8154}"
EndProject
Project("{2150E333-8FDC-42A3-9474-1A3956D46DE8}") = "Shared", "Shared", "{066353B3-E33D-4C6C-B317-BB1A0F3B2E1F}"
EndProject
Project("{2150E333-8FDC-42A3-9474-1A3956D46DE8}") = "Domains", "Domains", "{3009CD97-9E6F-4E37-87C9-F32C786C7F9C}"
EndProject
Project("{FAE04EC0-301F-11D3-BF4B-00C04F79EFBC}") = "KiloMart.Domain.Orders", "KiloMart.Domain.Orders\KiloMart.Domain.Orders.csproj", "{F02DD5A6-87CD-47D6-A996-B4E8757B2CE4}"
EndProject
Global
	GlobalSection(SolutionConfigurationPlatforms) = preSolution
		Debug|Any CPU = Debug|Any CPU
		Release|Any CPU = Release|Any CPU
	EndGlobalSection
	GlobalSection(ProjectConfigurationPlatforms) = postSolution
		{5765E7AC-7A6B-42C5-8AC8-7AEF8B4B621F}.Debug|Any CPU.ActiveCfg = Debug|Any CPU
		{5765E7AC-7A6B-42C5-8AC8-7AEF8B4B621F}.Debug|Any CPU.Build.0 = Debug|Any CPU
		{5765E7AC-7A6B-42C5-8AC8-7AEF8B4B621F}.Release|Any CPU.ActiveCfg = Release|Any CPU
		{5765E7AC-7A6B-42C5-8AC8-7AEF8B4B621F}.Release|Any CPU.Build.0 = Release|Any CPU
		{B34E2B1A-9E35-4739-B133-A7456F32B81E}.Debug|Any CPU.ActiveCfg = Debug|Any CPU
		{B34E2B1A-9E35-4739-B133-A7456F32B81E}.Debug|Any CPU.Build.0 = Debug|Any CPU
		{B34E2B1A-9E35-4739-B133-A7456F32B81E}.Release|Any CPU.ActiveCfg = Release|Any CPU
		{B34E2B1A-9E35-4739-B133-A7456F32B81E}.Release|Any CPU.Build.0 = Release|Any CPU
		{4DD066E5-6A1D-4F94-A97A-8CAF50BB777B}.Debug|Any CPU.ActiveCfg = Debug|Any CPU
		{4DD066E5-6A1D-4F94-A97A-8CAF50BB777B}.Debug|Any CPU.Build.0 = Debug|Any CPU
		{4DD066E5-6A1D-4F94-A97A-8CAF50BB777B}.Release|Any CPU.ActiveCfg = Release|Any CPU
		{4DD066E5-6A1D-4F94-A97A-8CAF50BB777B}.Release|Any CPU.Build.0 = Release|Any CPU
		{E9E55043-F510-41A2-A7E9-072EF4E9B4CB}.Debug|Any CPU.ActiveCfg = Debug|Any CPU
		{E9E55043-F510-41A2-A7E9-072EF4E9B4CB}.Debug|Any CPU.Build.0 = Debug|Any CPU
		{E9E55043-F510-41A2-A7E9-072EF4E9B4CB}.Release|Any CPU.ActiveCfg = Release|Any CPU
		{E9E55043-F510-41A2-A7E9-072EF4E9B4CB}.Release|Any CPU.Build.0 = Release|Any CPU
		{9DA45885-EAC5-4596-962A-CE6825FA3C3D}.Debug|Any CPU.ActiveCfg = Debug|Any CPU
		{9DA45885-EAC5-4596-962A-CE6825FA3C3D}.Debug|Any CPU.Build.0 = Debug|Any CPU
		{9DA45885-EAC5-4596-962A-CE6825FA3C3D}.Release|Any CPU.ActiveCfg = Release|Any CPU
		{9DA45885-EAC5-4596-962A-CE6825FA3C3D}.Release|Any CPU.Build.0 = Release|Any CPU
		{F02DD5A6-87CD-47D6-A996-B4E8757B2CE4}.Debug|Any CPU.ActiveCfg = Debug|Any CPU
		{F02DD5A6-87CD-47D6-A996-B4E8757B2CE4}.Debug|Any CPU.Build.0 = Debug|Any CPU
		{F02DD5A6-87CD-47D6-A996-B4E8757B2CE4}.Release|Any CPU.ActiveCfg = Release|Any CPU
		{F02DD5A6-87CD-47D6-A996-B4E8757B2CE4}.Release|Any CPU.Build.0 = Release|Any CPU
	EndGlobalSection
	GlobalSection(SolutionProperties) = preSolution
		HideSolutionNode = FALSE
	EndGlobalSection
	GlobalSection(NestedProjects) = preSolution
		{5765E7AC-7A6B-42C5-8AC8-7AEF8B4B621F} = {1D752D36-59CB-4698-B9EB-6EFEB87F8154}
		{B34E2B1A-9E35-4739-B133-A7456F32B81E} = {066353B3-E33D-4C6C-B317-BB1A0F3B2E1F}
		{4DD066E5-6A1D-4F94-A97A-8CAF50BB777B} = {066353B3-E33D-4C6C-B317-BB1A0F3B2E1F}
		{E9E55043-F510-41A2-A7E9-072EF4E9B4CB} = {1260BF8D-BDD4-43D2-9339-1DCFB4BCAEB0}
		{9DA45885-EAC5-4596-962A-CE6825FA3C3D} = {1D752D36-59CB-4698-B9EB-6EFEB87F8154}
		{F02DD5A6-87CD-47D6-A996-B4E8757B2CE4} = {3009CD97-9E6F-4E37-87C9-F32C786C7F9C}
	EndGlobalSection
	GlobalSection(ExtensibilityGlobals) = postSolution
		SolutionGuid = {7C63B505-C950-4A89-B4D0-CCED3725A260}
	EndGlobalSection
EndGlobal
